
Microsoft Visual Studio Solution File, Format Version 12.00
# Visual Studio Version 16
VisualStudioVersion = 16.0.30104.148
MinimumVisualStudioVersion = 10.0.40219.1
Project("{9A19103F-16F7-4668-BE54-9A1E7A4F7556}") = "EdPlatform", "EdPlatform\EdPlatform.csproj", "{BA215BC3-C092-4D48-96BF-03DC9D9218FF}"
EndProject
Project("{9A19103F-16F7-4668-BE54-9A1E7A4F7556}") = "EdPlatform.ApplicationLogic", "EdPlatform.ApplicationLogic\EdPlatform.ApplicationLogic.csproj", "{15AD0619-F4FB-484D-B8EE-401298C82804}"
EndProject
Project("{9A19103F-16F7-4668-BE54-9A1E7A4F7556}") = "EdPlatform.EFDataAccess", "EdPlatform.EFDataAccess\EdPlatform.EFDataAccess.csproj", "{5F5085DB-D930-4347-9590-9EFC81EA192A}"
EndProject
Project("{FAE04EC0-301F-11D3-BF4B-00C04F79EFBC}") = "EdPlatform.ApplicationLogic.Tests", "EdPlatform.ApplicationLogic.Tests\EdPlatform.ApplicationLogic.Tests.csproj", "{5A577E17-BC77-4897-97D5-45BD9361B31A}"
EndProject
Global
	GlobalSection(SolutionConfigurationPlatforms) = preSolution
		Debug|Any CPU = Debug|Any CPU
		Release|Any CPU = Release|Any CPU
	EndGlobalSection
	GlobalSection(ProjectConfigurationPlatforms) = postSolution
		{BA215BC3-C092-4D48-96BF-03DC9D9218FF}.Debug|Any CPU.ActiveCfg = Debug|Any CPU
		{BA215BC3-C092-4D48-96BF-03DC9D9218FF}.Debug|Any CPU.Build.0 = Debug|Any CPU
		{BA215BC3-C092-4D48-96BF-03DC9D9218FF}.Release|Any CPU.ActiveCfg = Release|Any CPU
		{BA215BC3-C092-4D48-96BF-03DC9D9218FF}.Release|Any CPU.Build.0 = Release|Any CPU
		{15AD0619-F4FB-484D-B8EE-401298C82804}.Debug|Any CPU.ActiveCfg = Debug|Any CPU
		{15AD0619-F4FB-484D-B8EE-401298C82804}.Debug|Any CPU.Build.0 = Debug|Any CPU
		{15AD0619-F4FB-484D-B8EE-401298C82804}.Release|Any CPU.ActiveCfg = Release|Any CPU
		{15AD0619-F4FB-484D-B8EE-401298C82804}.Release|Any CPU.Build.0 = Release|Any CPU
		{5F5085DB-D930-4347-9590-9EFC81EA192A}.Debug|Any CPU.ActiveCfg = Debug|Any CPU
		{5F5085DB-D930-4347-9590-9EFC81EA192A}.Debug|Any CPU.Build.0 = Debug|Any CPU
		{5F5085DB-D930-4347-9590-9EFC81EA192A}.Release|Any CPU.ActiveCfg = Release|Any CPU
		{5F5085DB-D930-4347-9590-9EFC81EA192A}.Release|Any CPU.Build.0 = Release|Any CPU
		{5A577E17-BC77-4897-97D5-45BD9361B31A}.Debug|Any CPU.ActiveCfg = Debug|Any CPU
		{5A577E17-BC77-4897-97D5-45BD9361B31A}.Debug|Any CPU.Build.0 = Debug|Any CPU
		{5A577E17-BC77-4897-97D5-45BD9361B31A}.Release|Any CPU.ActiveCfg = Release|Any CPU
		{5A577E17-BC77-4897-97D5-45BD9361B31A}.Release|Any CPU.Build.0 = Release|Any CPU
	EndGlobalSection
	GlobalSection(SolutionProperties) = preSolution
		HideSolutionNode = FALSE
	EndGlobalSection
	GlobalSection(ExtensibilityGlobals) = postSolution
		SolutionGuid = {64ED17E5-5826-43E6-8527-C574650E1A92}
	EndGlobalSection
EndGlobal
